lockfileVersion: '9.0'

settings:
  autoInstallPeers: true
  excludeLinksFromLockfile: false

importers:

  .:
    devDependencies:
      '@types/p5':
        specifier: ^1.7.6
        version: 1.7.6

packages:

  '@types/p5@1.7.6':
    resolution: {integrity: sha512-6pLTOo0V3N5jZb5nTwjiv3lPHLK3Z/TjbhQUj8CTWXocUk1Z/f6OHTp3Pcwi1BhWnf5gqKUcyEb1gP0KIJuQgw==}

snapshots:

  '@types/p5@1.7.6': {}
